
Microsoft Visual Studio Solution File, Format Version 12.00
# Visual Studio Version 16
VisualStudioVersion = 16.0.30011.22
MinimumVisualStudioVersion = 10.0.40219.1
Project("{FAE04EC0-301F-11D3-BF4B-00C04F79EFBC}") = "MongoAndCSharp", "MongoAndCSharp\MongoAndCSharp.csproj", "{CE6F91F1-72F4-4E23-B4F4-3AF9975F4BDB}"
EndProject
Global
	GlobalSection(SolutionConfigurationPlatforms) = preSolution
		Debug|Any CPU = Debug|Any CPU
		Release|Any CPU = Release|Any CPU
	EndGlobalSection
	GlobalSection(ProjectConfigurationPlatforms) = postSolution
		{CE6F91F1-72F4-4E23-B4F4-3AF9975F4BDB}.Debug|Any CPU.ActiveCfg = Debug|Any CPU
		{CE6F91F1-72F4-4E23-B4F4-3AF9975F4BDB}.Debug|Any CPU.Build.0 = Debug|Any CPU
		{CE6F91F1-72F4-4E23-B4F4-3AF9975F4BDB}.Release|Any CPU.ActiveCfg = Release|Any CPU
		{CE6F91F1-72F4-4E23-B4F4-3AF9975F4BDB}.Release|Any CPU.Build.0 = Release|Any CPU
	EndGlobalSection
	GlobalSection(SolutionProperties) = preSolution
		HideSolutionNode = FALSE
	EndGlobalSection
	GlobalSection(ExtensibilityGlobals) = postSolution
		SolutionGuid = {AD60BF86-4DA6-4D8F-9CDC-2ACF6F357081}
	EndGlobalSection
EndGlobal
